
Microsoft Visual Studio Solution File, Format Version 12.00
# Visual Studio 15
VisualStudioVersion = 15.0.28010.2036
MinimumVisualStudioVersion = 10.0.40219.1
Project("{FAE04EC0-301F-11D3-BF4B-00C04F79EFBC}") = "Imay", "Imay\Imay.csproj", "{C1017342-7614-4CE3-B74C-31A0A8B93C3E}"
EndProject
Global
	GlobalSection(SolutionConfigurationPlatforms) = preSolution
		Debug|Any CPU = Debug|Any CPU
		Release|Any CPU = Release|Any CPU
	EndGlobalSection
	GlobalSection(ProjectConfigurationPlatforms) = postSolution
		{C1017342-7614-4CE3-B74C-31A0A8B93C3E}.Debug|Any CPU.ActiveCfg = Debug|Any CPU
		{C1017342-7614-4CE3-B74C-31A0A8B93C3E}.Debug|Any CPU.Build.0 = Debug|Any CPU
		{C1017342-7614-4CE3-B74C-31A0A8B93C3E}.Release|Any CPU.ActiveCfg = Release|Any CPU
		{C1017342-7614-4CE3-B74C-31A0A8B93C3E}.Release|Any CPU.Build.0 = Release|Any CPU
	EndGlobalSection
	GlobalSection(SolutionProperties) = preSolution
		HideSolutionNode = FALSE
	EndGlobalSection
	GlobalSection(ExtensibilityGlobals) = postSolution
		SolutionGuid = {4513FFA0-012D-490F-9EED-F7B4B1EAC622}
	EndGlobalSection
EndGlobal
