
Microsoft Visual Studio Solution File, Format Version 12.00
# Visual Studio 15
VisualStudioVersion = 15.0.28010.2036
MinimumVisualStudioVersion = 10.0.40219.1
Project("{FAE04EC0-301F-11D3-BF4B-00C04F79EFBC}") = "Imay", "Imay\Imay.csproj", "{C1017342-7614-4CE3-B74C-31A0A8B93C3E}"
EndProject
Project("{FAE04EC0-301F-11D3-BF4B-00C04F79EFBC}") = "Imay.Model", "Imay.Model\Imay.Model.csproj", "{E63631A5-0866-4B23-B1F3-E56FC7EEDACB}"
EndProject
Project("{FAE04EC0-301F-11D3-BF4B-00C04F79EFBC}") = "Imay.Biz", "Imay.Biz\Imay.Biz.csproj", "{702846E3-0618-4BF2-9370-391C73868436}"
EndProject
Project("{2150E333-8FDC-42A3-9474-1A3956D46DE8}") = "Solution Items", "Solution Items", "{B8BE5C33-6803-4B7A-B5EA-E0361F2E21D7}"
	ProjectSection(SolutionItems) = preProject
		DesignSpecification.txt = DesignSpecification.txt
	EndProjectSection
EndProject
Project("{FAE04EC0-301F-11D3-BF4B-00C04F79EFBC}") = "Imay.Client", "Imay.Client\Imay.Client.csproj", "{4A090960-2BDF-463E-B0C4-D6E5690B0EB3}"
EndProject
Global
	GlobalSection(SolutionConfigurationPlatforms) = preSolution
		Debug|Any CPU = Debug|Any CPU
		Release|Any CPU = Release|Any CPU
	EndGlobalSection
	GlobalSection(ProjectConfigurationPlatforms) = postSolution
		{C1017342-7614-4CE3-B74C-31A0A8B93C3E}.Debug|Any CPU.ActiveCfg = Debug|Any CPU
		{C1017342-7614-4CE3-B74C-31A0A8B93C3E}.Debug|Any CPU.Build.0 = Debug|Any CPU
		{C1017342-7614-4CE3-B74C-31A0A8B93C3E}.Release|Any CPU.ActiveCfg = Release|Any CPU
		{C1017342-7614-4CE3-B74C-31A0A8B93C3E}.Release|Any CPU.Build.0 = Release|Any CPU
		{E63631A5-0866-4B23-B1F3-E56FC7EEDACB}.Debug|Any CPU.ActiveCfg = Debug|Any CPU
		{E63631A5-0866-4B23-B1F3-E56FC7EEDACB}.Debug|Any CPU.Build.0 = Debug|Any CPU
		{E63631A5-0866-4B23-B1F3-E56FC7EEDACB}.Release|Any CPU.ActiveCfg = Release|Any CPU
		{E63631A5-0866-4B23-B1F3-E56FC7EEDACB}.Release|Any CPU.Build.0 = Release|Any CPU
		{702846E3-0618-4BF2-9370-391C73868436}.Debug|Any CPU.ActiveCfg = Debug|Any CPU
		{702846E3-0618-4BF2-9370-391C73868436}.Debug|Any CPU.Build.0 = Debug|Any CPU
		{702846E3-0618-4BF2-9370-391C73868436}.Release|Any CPU.ActiveCfg = Release|Any CPU
		{702846E3-0618-4BF2-9370-391C73868436}.Release|Any CPU.Build.0 = Release|Any CPU
		{4A090960-2BDF-463E-B0C4-D6E5690B0EB3}.Debug|Any CPU.ActiveCfg = Debug|Any CPU
		{4A090960-2BDF-463E-B0C4-D6E5690B0EB3}.Debug|Any CPU.Build.0 = Debug|Any CPU
		{4A090960-2BDF-463E-B0C4-D6E5690B0EB3}.Release|Any CPU.ActiveCfg = Release|Any CPU
		{4A090960-2BDF-463E-B0C4-D6E5690B0EB3}.Release|Any CPU.Build.0 = Release|Any CPU
	EndGlobalSection
	GlobalSection(SolutionProperties) = preSolution
		HideSolutionNode = FALSE
	EndGlobalSection
	GlobalSection(ExtensibilityGlobals) = postSolution
		SolutionGuid = {4513FFA0-012D-490F-9EED-F7B4B1EAC622}
	EndGlobalSection
EndGlobal
